
Microsoft Visual Studio Solution File, Format Version 12.00
# Visual Studio Version 17
VisualStudioVersion = 17.0.32929.387
MinimumVisualStudioVersion = 10.0.40219.1
Project("{9A19103F-16F7-4668-BE54-9A1E7A4F7556}") = "FSA.API", "FSA.API\FSA.API.csproj", "{A39DE41F-D316-4EE6-BAC7-DFE8E5D4684D}"
EndProject
Project("{9A19103F-16F7-4668-BE54-9A1E7A4F7556}") = "FSA.Test", "Data.Test\FSA.Test.csproj", "{D29727A5-4207-406B-9D2F-B87F31F130BA}"
EndProject
Project("{9A19103F-16F7-4668-BE54-9A1E7A4F7556}") = "FSA.Common", "FSA.Common\FSA.Common.csproj", "{C7B60E6F-DC14-4E42-831E-250D71B40B49}"
EndProject
Project("{9A19103F-16F7-4668-BE54-9A1E7A4F7556}") = "FSA.Data", "FSA.Data\FSA.Data.csproj", "{55887EBD-8DB7-4457-98E4-899C8271A7CF}"
EndProject
Project("{9A19103F-16F7-4668-BE54-9A1E7A4F7556}") = "FSA.Domain", "FSA.Domain\FSA.Domain.csproj", "{79604F5E-5DB1-427C-B4EA-0AE7E966A223}"
EndProject
Global
	GlobalSection(SolutionConfigurationPlatforms) = preSolution
		Debug|Any CPU = Debug|Any CPU
		Release|Any CPU = Release|Any CPU
	EndGlobalSection
	GlobalSection(ProjectConfigurationPlatforms) = postSolution
		{A39DE41F-D316-4EE6-BAC7-DFE8E5D4684D}.Debug|Any CPU.ActiveCfg = Debug|Any CPU
		{A39DE41F-D316-4EE6-BAC7-DFE8E5D4684D}.Debug|Any CPU.Build.0 = Debug|Any CPU
		{A39DE41F-D316-4EE6-BAC7-DFE8E5D4684D}.Release|Any CPU.ActiveCfg = Release|Any CPU
		{A39DE41F-D316-4EE6-BAC7-DFE8E5D4684D}.Release|Any CPU.Build.0 = Release|Any CPU
		{D29727A5-4207-406B-9D2F-B87F31F130BA}.Debug|Any CPU.ActiveCfg = Debug|Any CPU
		{D29727A5-4207-406B-9D2F-B87F31F130BA}.Debug|Any CPU.Build.0 = Debug|Any CPU
		{D29727A5-4207-406B-9D2F-B87F31F130BA}.Release|Any CPU.ActiveCfg = Release|Any CPU
		{D29727A5-4207-406B-9D2F-B87F31F130BA}.Release|Any CPU.Build.0 = Release|Any CPU
		{C7B60E6F-DC14-4E42-831E-250D71B40B49}.Debug|Any CPU.ActiveCfg = Debug|Any CPU
		{C7B60E6F-DC14-4E42-831E-250D71B40B49}.Debug|Any CPU.Build.0 = Debug|Any CPU
		{C7B60E6F-DC14-4E42-831E-250D71B40B49}.Release|Any CPU.ActiveCfg = Release|Any CPU
		{C7B60E6F-DC14-4E42-831E-250D71B40B49}.Release|Any CPU.Build.0 = Release|Any CPU
		{55887EBD-8DB7-4457-98E4-899C8271A7CF}.Debug|Any CPU.ActiveCfg = Debug|Any CPU
		{55887EBD-8DB7-4457-98E4-899C8271A7CF}.Debug|Any CPU.Build.0 = Debug|Any CPU
		{55887EBD-8DB7-4457-98E4-899C8271A7CF}.Release|Any CPU.ActiveCfg = Release|Any CPU
		{55887EBD-8DB7-4457-98E4-899C8271A7CF}.Release|Any CPU.Build.0 = Release|Any CPU
		{79604F5E-5DB1-427C-B4EA-0AE7E966A223}.Debug|Any CPU.ActiveCfg = Debug|Any CPU
		{79604F5E-5DB1-427C-B4EA-0AE7E966A223}.Debug|Any CPU.Build.0 = Debug|Any CPU
		{79604F5E-5DB1-427C-B4EA-0AE7E966A223}.Release|Any CPU.ActiveCfg = Release|Any CPU
		{79604F5E-5DB1-427C-B4EA-0AE7E966A223}.Release|Any CPU.Build.0 = Release|Any CPU
	EndGlobalSection
	GlobalSection(SolutionProperties) = preSolution
		HideSolutionNode = FALSE
	EndGlobalSection
	GlobalSection(ExtensibilityGlobals) = postSolution
		SolutionGuid = {80E3D4B4-2841-43FD-B750-A83932FCD50E}
	EndGlobalSection
EndGlobal
